
Microsoft Visual Studio Solution File, Format Version 12.00
# Visual Studio Version 17
VisualStudioVersion = 17.7.34003.232
MinimumVisualStudioVersion = 10.0.40219.1
Project("{FAE04EC0-301F-11D3-BF4B-00C04F79EFBC}") = "HelloWorld bruner zach", "HelloWorld bruner zach\HelloWorld bruner zach.csproj", "{CD69BD05-7206-4F14-9A4B-02FD3E36E805}"
EndProject
Global
	GlobalSection(SolutionConfigurationPlatforms) = preSolution
		Debug|Any CPU = Debug|Any CPU
		Release|Any CPU = Release|Any CPU
	EndGlobalSection
	GlobalSection(ProjectConfigurationPlatforms) = postSolution
		{CD69BD05-7206-4F14-9A4B-02FD3E36E805}.Debug|Any CPU.ActiveCfg = Debug|Any CPU
		{CD69BD05-7206-4F14-9A4B-02FD3E36E805}.Debug|Any CPU.Build.0 = Debug|Any CPU
		{CD69BD05-7206-4F14-9A4B-02FD3E36E805}.Release|Any CPU.ActiveCfg = Release|Any CPU
		{CD69BD05-7206-4F14-9A4B-02FD3E36E805}.Release|Any CPU.Build.0 = Release|Any CPU
	EndGlobalSection
	GlobalSection(SolutionProperties) = preSolution
		HideSolutionNode = FALSE
	EndGlobalSection
	GlobalSection(ExtensibilityGlobals) = postSolution
		SolutionGuid = {C9D26AD9-CAA3-44B9-9262-AA9082921C66}
	EndGlobalSection
EndGlobal
